<?xml version="1.0" encoding="utf-8"?>
<Project ToolsVersion="4.0" xmlns="http://schemas.microsoft.com/developer/msbuild/2003">
  <ItemGroup>
    <ClCompile Include="..\Classes\Scenes\MotherScene.cpp" />
    <ClCompile Include="..\Classes\AppDelegate.cpp" />
    <ClCompile Include="..\Classes\Background.cpp" />
    <ClCompile Include="..\Classes\BackGroundMenu.cpp" />
    <ClCompile Include="..\Classes\BasicBullet.cpp" />
    <ClCompile Include="..\Classes\BasicEnemy.cpp" />
    <ClCompile Include="..\Classes\Bullet.cpp" />
    <ClCompile Include="..\Classes\GameManager.cpp" />
    <ClCompile Include="..\Classes\GameWrapper.cpp" />
    <ClCompile Include="..\Classes\HelloWorldScene.cpp" />
    <ClCompile Include="..\Classes\Keyboard.cpp" />
    <ClCompile Include="..\Classes\menus\MainMenu.cpp" />
    <ClCompile Include="..\Classes\menus\MotherMenu.cpp" />
    <ClCompile Include="..\Classes\Player.cpp" />
    <ClCompile Include="..\Classes\Player\Changuito.cpp" />
    <ClCompile Include="..\Classes\Scenes\DebugScene.cpp" />
    <ClCompile Include="main.cpp" />
    <ClCompile Include="..\Classes\menus\LevelSelectMenu.cpp" />
    <ClCompile Include="..\Classes\menus\OptionsMenu.cpp" />
    <ClCompile Include="..\Classes\menus\DeathMenu.cpp" />
    <ClCompile Include="..\Classes\Player\Player2.cpp" />
    <ClCompile Include="..\Classes\menus\SelectPlayersMenu.cpp" />
  </ItemGroup>
  <ItemGroup>
    <ClInclude Include="..\Classes\Scenes\MotherScene.h" />
    <ClInclude Include="..\Classes\AppDelegate.h" />
    <ClInclude Include="..\Classes\AttackPattern.h" />
    <ClInclude Include="..\Classes\Background.h" />
    <ClInclude Include="..\Classes\BackGroundMenu.h" />
    <ClInclude Include="..\Classes\BasicBullet.h" />
    <ClInclude Include="..\Classes\BasicEnemy.h" />
    <ClInclude Include="..\Classes\Bullet.h" />
    <ClInclude Include="..\Classes\GameManager.h" />
    <ClInclude Include="..\Classes\GameWrapper.h" />
    <ClInclude Include="..\Classes\HelloWorldScene.h" />
    <ClInclude Include="..\Classes\Keyboard.h" />
    <ClInclude Include="..\Classes\menus\MainMenu.h" />
    <ClInclude Include="..\Classes\menus\MotherMenu.h" />
    <ClInclude Include="..\Classes\MovementPattern.h" />
    <ClInclude Include="..\Classes\Player.h" />
    <ClInclude Include="..\Classes\Player\Changuito.h" />
    <ClInclude Include="..\Classes\Scenes\DebugScene.h" />
    <ClInclude Include="..\Classes\Tipos.h" />
    <ClInclude Include="main.h" />
    <ClInclude Include="..\Classes\menus\LevelSelectMenu.h" />
    <ClInclude Include="..\Classes\menus\OptionsMenu.h" />
    <ClInclude Include="..\Classes\menus\DeathMenu.h" />
    <ClInclude Include="..\Classes\Player\Player2.h" />
    <ClInclude Include="..\Classes\menus\SelectPlayersMenu.h" />
  </ItemGroup>
  <ItemGroup>
    <ResourceCompile Include="game.rc" />
  </ItemGroup>
</Project>